
Microsoft Visual Studio Solution File, Format Version 12.00
# Visual Studio 14
VisualStudioVersion = 14.0.25123.0
MinimumVisualStudioVersion = 10.0.40219.1
Project("{FAE04EC0-301F-11D3-BF4B-00C04F79EFBC}") = "ServiceForRunApp", "KursovoiServise\ServiceForRunApp.csproj", "{1CE06702-4225-414E-A71B-C045DFC5D123}"
EndProject
Project("{6141683F-8A12-4E36-9623-2EB02B2C2303}") = "InstallerForService", "InstallShieldKursovoi\InstallerForService.isproj", "{29CEFED7-DDDF-4ECD-9DE2-E29E93C00A45}"
EndProject
Project("{FAE04EC0-301F-11D3-BF4B-00C04F79EFBC}") = "ApplicationForControl", "ApplicationForControl\ApplicationForControl.csproj", "{23C60F07-0842-466E-9253-5F410880FE73}"
EndProject
Global
	GlobalSection(SolutionConfigurationPlatforms) = preSolution
		CD_ROM|Any CPU = CD_ROM|Any CPU
		Debug|Any CPU = Debug|Any CPU
		DVD-5|Any CPU = DVD-5|Any CPU
		Release|Any CPU = Release|Any CPU
		SingleImage|Any CPU = SingleImage|Any CPU
	EndGlobalSection
	GlobalSection(ProjectConfigurationPlatforms) = postSolution
		{1CE06702-4225-414E-A71B-C045DFC5D123}.CD_ROM|Any CPU.ActiveCfg = Release|Any CPU
		{1CE06702-4225-414E-A71B-C045DFC5D123}.CD_ROM|Any CPU.Build.0 = Release|Any CPU
		{1CE06702-4225-414E-A71B-C045DFC5D123}.Debug|Any CPU.ActiveCfg = Debug|Any CPU
		{1CE06702-4225-414E-A71B-C045DFC5D123}.Debug|Any CPU.Build.0 = Debug|Any CPU
		{1CE06702-4225-414E-A71B-C045DFC5D123}.DVD-5|Any CPU.ActiveCfg = Debug|Any CPU
		{1CE06702-4225-414E-A71B-C045DFC5D123}.DVD-5|Any CPU.Build.0 = Debug|Any CPU
		{1CE06702-4225-414E-A71B-C045DFC5D123}.Release|Any CPU.ActiveCfg = Release|Any CPU
		{1CE06702-4225-414E-A71B-C045DFC5D123}.Release|Any CPU.Build.0 = Release|Any CPU
		{1CE06702-4225-414E-A71B-C045DFC5D123}.SingleImage|Any CPU.ActiveCfg = Release|Any CPU
		{1CE06702-4225-414E-A71B-C045DFC5D123}.SingleImage|Any CPU.Build.0 = Release|Any CPU
		{29CEFED7-DDDF-4ECD-9DE2-E29E93C00A45}.CD_ROM|Any CPU.ActiveCfg = CD_ROM
		{29CEFED7-DDDF-4ECD-9DE2-E29E93C00A45}.CD_ROM|Any CPU.Build.0 = CD_ROM
		{29CEFED7-DDDF-4ECD-9DE2-E29E93C00A45}.Debug|Any CPU.ActiveCfg = DVD-5
		{29CEFED7-DDDF-4ECD-9DE2-E29E93C00A45}.Debug|Any CPU.Build.0 = DVD-5
		{29CEFED7-DDDF-4ECD-9DE2-E29E93C00A45}.DVD-5|Any CPU.ActiveCfg = DVD-5
		{29CEFED7-DDDF-4ECD-9DE2-E29E93C00A45}.DVD-5|Any CPU.Build.0 = DVD-5
		{29CEFED7-DDDF-4ECD-9DE2-E29E93C00A45}.Release|Any CPU.ActiveCfg = SingleImage
		{29CEFED7-DDDF-4ECD-9DE2-E29E93C00A45}.Release|Any CPU.Build.0 = SingleImage
		{29CEFED7-DDDF-4ECD-9DE2-E29E93C00A45}.SingleImage|Any CPU.ActiveCfg = SingleImage
		{29CEFED7-DDDF-4ECD-9DE2-E29E93C00A45}.SingleImage|Any CPU.Build.0 = SingleImage
		{23C60F07-0842-466E-9253-5F410880FE73}.CD_ROM|Any CPU.ActiveCfg = Release|Any CPU
		{23C60F07-0842-466E-9253-5F410880FE73}.CD_ROM|Any CPU.Build.0 = Release|Any CPU
		{23C60F07-0842-466E-9253-5F410880FE73}.Debug|Any CPU.ActiveCfg = Debug|Any CPU
		{23C60F07-0842-466E-9253-5F410880FE73}.Debug|Any CPU.Build.0 = Debug|Any CPU
		{23C60F07-0842-466E-9253-5F410880FE73}.DVD-5|Any CPU.ActiveCfg = Debug|Any CPU
		{23C60F07-0842-466E-9253-5F410880FE73}.DVD-5|Any CPU.Build.0 = Debug|Any CPU
		{23C60F07-0842-466E-9253-5F410880FE73}.Release|Any CPU.ActiveCfg = Release|Any CPU
		{23C60F07-0842-466E-9253-5F410880FE73}.Release|Any CPU.Build.0 = Release|Any CPU
		{23C60F07-0842-466E-9253-5F410880FE73}.SingleImage|Any CPU.ActiveCfg = Release|Any CPU
		{23C60F07-0842-466E-9253-5F410880FE73}.SingleImage|Any CPU.Build.0 = Release|Any CPU
	EndGlobalSection
	GlobalSection(SolutionProperties) = preSolution
		HideSolutionNode = FALSE
	EndGlobalSection
EndGlobal
